
Microsoft Visual Studio Solution File, Format Version 12.00
# Visual Studio Version 17
VisualStudioVersion = 17.7.34024.191
MinimumVisualStudioVersion = 10.0.40219.1
Project("{FAE04EC0-301F-11D3-BF4B-00C04F79EFBC}") = "MyAccounting.App", "MyAccounting.App\MyAccounting.App.csproj", "{7E0CB2BA-F073-4F59-B646-40D2875B5E5C}"
EndProject
Project("{FAE04EC0-301F-11D3-BF4B-00C04F79EFBC}") = "MyAccounting.Datalayer", "MyAccounting.Datalayer\MyAccounting.Datalayer.csproj", "{E6937435-10CC-44BC-9E45-B3A40656C3D6}"
EndProject
Project("{FAE04EC0-301F-11D3-BF4B-00C04F79EFBC}") = "MyAccounting.Business", "MyAccounting.Business\MyAccounting.Business.csproj", "{3753F907-56F9-4888-BA40-87F51BF9D2E5}"
EndProject
Project("{FAE04EC0-301F-11D3-BF4B-00C04F79EFBC}") = "MyAccounting.Utilities", "MyAccounting.Utilities\MyAccounting.Utilities.csproj", "{53C8EE7F-DB67-4059-ACFC-0BF6386F61DF}"
EndProject
Project("{FAE04EC0-301F-11D3-BF4B-00C04F79EFBC}") = "MyAccounting.ViewModels", "MyAccounting.ViewModels\MyAccounting.ViewModels.csproj", "{B6EB3949-E3F9-4408-A3C1-896D5FD9B59A}"
EndProject
Global
	GlobalSection(SolutionConfigurationPlatforms) = preSolution
		Debug|Any CPU = Debug|Any CPU
		Release|Any CPU = Release|Any CPU
	EndGlobalSection
	GlobalSection(ProjectConfigurationPlatforms) = postSolution
		{7E0CB2BA-F073-4F59-B646-40D2875B5E5C}.Debug|Any CPU.ActiveCfg = Debug|Any CPU
		{7E0CB2BA-F073-4F59-B646-40D2875B5E5C}.Debug|Any CPU.Build.0 = Debug|Any CPU
		{7E0CB2BA-F073-4F59-B646-40D2875B5E5C}.Release|Any CPU.ActiveCfg = Release|Any CPU
		{7E0CB2BA-F073-4F59-B646-40D2875B5E5C}.Release|Any CPU.Build.0 = Release|Any CPU
		{E6937435-10CC-44BC-9E45-B3A40656C3D6}.Debug|Any CPU.ActiveCfg = Debug|Any CPU
		{E6937435-10CC-44BC-9E45-B3A40656C3D6}.Debug|Any CPU.Build.0 = Debug|Any CPU
		{E6937435-10CC-44BC-9E45-B3A40656C3D6}.Release|Any CPU.ActiveCfg = Release|Any CPU
		{E6937435-10CC-44BC-9E45-B3A40656C3D6}.Release|Any CPU.Build.0 = Release|Any CPU
		{3753F907-56F9-4888-BA40-87F51BF9D2E5}.Debug|Any CPU.ActiveCfg = Debug|Any CPU
		{3753F907-56F9-4888-BA40-87F51BF9D2E5}.Debug|Any CPU.Build.0 = Debug|Any CPU
		{3753F907-56F9-4888-BA40-87F51BF9D2E5}.Release|Any CPU.ActiveCfg = Release|Any CPU
		{3753F907-56F9-4888-BA40-87F51BF9D2E5}.Release|Any CPU.Build.0 = Release|Any CPU
		{53C8EE7F-DB67-4059-ACFC-0BF6386F61DF}.Debug|Any CPU.ActiveCfg = Debug|Any CPU
		{53C8EE7F-DB67-4059-ACFC-0BF6386F61DF}.Debug|Any CPU.Build.0 = Debug|Any CPU
		{53C8EE7F-DB67-4059-ACFC-0BF6386F61DF}.Release|Any CPU.ActiveCfg = Release|Any CPU
		{53C8EE7F-DB67-4059-ACFC-0BF6386F61DF}.Release|Any CPU.Build.0 = Release|Any CPU
		{B6EB3949-E3F9-4408-A3C1-896D5FD9B59A}.Debug|Any CPU.ActiveCfg = Debug|Any CPU
		{B6EB3949-E3F9-4408-A3C1-896D5FD9B59A}.Debug|Any CPU.Build.0 = Debug|Any CPU
		{B6EB3949-E3F9-4408-A3C1-896D5FD9B59A}.Release|Any CPU.ActiveCfg = Release|Any CPU
		{B6EB3949-E3F9-4408-A3C1-896D5FD9B59A}.Release|Any CPU.Build.0 = Release|Any CPU
	EndGlobalSection
	GlobalSection(SolutionProperties) = preSolution
		HideSolutionNode = FALSE
	EndGlobalSection
	GlobalSection(ExtensibilityGlobals) = postSolution
		SolutionGuid = {A36DCB91-5E52-440E-BA0A-A097C1C9B4CF}
	EndGlobalSection
EndGlobal
